# THIS IS AN AUTOGENERATED FILE. DO NOT EDIT THIS FILE DIRECTLY.
assets/styleguide.scss.liquid:
  development: 2018-01-11T15:01:50+13:00   2e70d97b13d9309f41436058e29237e4
assets/styles.scss.liquid:
  development: 2018-01-11T15:01:51+13:00   2e70d97b13d9309f41436058e29237e4
sections/footer.liquid:
  development: 2018-01-11T15:24:45+13:00   2c2fc991049e614f282aee3a5246f065
snippets/footer_area_blog.liquid:
  development: 2018-01-11T14:48:18+13:00   2590c5fc2dac6984b11cc6a471d3f6ba
snippets/footer_area_heading.liquid:
  development: 2018-01-11T14:46:44+13:00   b73be264ee00adf23fdbaefa34632f3e
snippets/footer_area_image.liquid:
  development: 2018-01-11T14:52:35+13:00   a16dd18ff1485c8d5d5dd5e5502737b8
snippets/footer_area_linklist.liquid:
  development: 2018-01-11T14:47:49+13:00   7c54cefb9264138dbf09e849cd796571
snippets/footer_area_newsletter.liquid:
  development: 2018-01-11T15:03:39+13:00
snippets/footer_area_payment_icons.liquid:
  development: 2018-01-11T15:10:09+13:00
snippets/footer_area_social_links.liquid:
  development: 2018-01-11T15:23:52+13:00   68b329da9893e34099c7d8ad5cb9c940
snippets/footer_area_text.liquid:
  development: 2018-01-11T14:47:06+13:00   4e694db91699644cfcad42d9963cf342
