# THIS IS AN AUTOGENERATED FILE. DO NOT EDIT THIS FILE DIRECTLY.
assets/cart.js:
  development: 2018-01-11T15:56:24+13:00   a87b0acb4d0b7cdb3efcff3d5bd21aff
assets/cart.min.js:
  development: 2018-01-11T15:56:26+13:00   6b33f613cd84c7e79ef5cfb060b54b6b
assets/core.js:
  development: 2018-01-11T15:56:25+13:00   3958e0ff572fe9ac4dcdf4e086154112
assets/core.min.js:
  development: 2018-01-11T15:56:27+13:00   e20ef3cf1a3847943ba4e2ca00b5e509
assets/core.scss.liquid:
  development: 2018-01-12T11:30:41+13:00   2e70d97b13d9309f41436058e29237e4
assets/gift-card.scss.liquid:
  development: 2018-01-16T14:08:32+13:00   6344131cefc9a58e5b0967190ea9bfa4
assets/password.scss.liquid:
  development: 2018-01-16T14:08:34+13:00   617966715121fe1a61ac22ab736f1f94
assets/polyfills.js:
  development: 2018-01-11T15:56:25+13:00   3e3f36d7b907756c29c02ecbceeedc22
assets/polyfills.min.js:
  development: 2018-01-11T15:56:27+13:00   bbb456ad095ebb39237144c382a0446f
assets/product.js:
  development: 2018-01-11T15:56:23+13:00   b765d00bc1783cc8bfc666c815b4d358
assets/product.min.js:
  development: 2018-01-11T15:56:26+13:00   a695ac0f31c2c06f35a25c6215bf582b
assets/render.js:
  development: 2018-01-11T16:40:22+13:00   f2974d5dd2f8c3e7051ff838ff23d455
assets/render.min.js:
  development: 2018-01-16T13:55:01+13:00
assets/styleguide.scss.liquid:
  development: 2018-01-11T15:01:50+13:00   2e70d97b13d9309f41436058e29237e4
assets/styles.scss.liquid:
  development: 2018-01-11T15:01:51+13:00   2e70d97b13d9309f41436058e29237e4
assets/translations.js.liquid:
  development: 2017-01-15T10:25:24+13:00   ae8b02e7e071b72e5a5298c8c4074c6e
assets/translations.min.js.liquid:
  development: 2017-01-15T13:38:58+13:00   1816e805281a08c41cea8bc64f87e5a9
config/settings_data.json:
  development: 2016-12-10T19:03:47+13:00   1641ebc126c6cc0b0f8c3fbac9f3c0c5
config/settings_schema.json:
  development: 2016-03-28T15:13:59+13:00   39cb96037bcad8c14f1945b6a4892abc
layout/gift_card.liquid:
  development: 2018-01-16T14:08:33+13:00   366401d85b749481997084b09f39498f
layout/password.liquid:
  development: 2018-01-16T14:08:33+13:00   02da6a07eba6230aaafaaf591afe786d
layout/styleguide.liquid:
  development: 2018-01-16T13:54:52+13:00   165ea4627095dd27c66e53534a6e606c
layout/theme.liquid:
  development: 2018-01-16T13:54:54+13:00   e1184176c1a383c4d904b308f17d9853
locales/en.default.json:
  development: 2018-01-16T13:54:51+13:00   e158294b19c8db449e093dbbc4dc27ba
sections/footer.liquid:
  development: 2018-01-12T08:58:55+13:00   7bf2dd836d90bcb41e66cc3d78bce6d0
sections/header.liquid:
  development: 2017-01-15T11:37:11+13:00   16041a2d85188124ac8d5f07afdb5752
snippets/cart_count.liquid:
  development: 2017-01-15T12:46:09+13:00   f78efc2f448228b5dc908b4adccf2dc2
snippets/contact_form.liquid:
  development: 2016-12-10T15:41:30+13:00
snippets/footer_area_blog.liquid:
  development: 2018-01-11T14:48:18+13:00   2590c5fc2dac6984b11cc6a471d3f6ba
snippets/footer_area_heading.liquid:
  development: 2018-01-11T14:46:44+13:00   b73be264ee00adf23fdbaefa34632f3e
snippets/footer_area_image.liquid:
  development: 2018-01-11T14:52:35+13:00   a16dd18ff1485c8d5d5dd5e5502737b8
snippets/footer_area_linklist.liquid:
  development: 2018-01-11T14:47:49+13:00   7c54cefb9264138dbf09e849cd796571
snippets/footer_area_newsletter.liquid:
  development: 2018-01-11T15:03:39+13:00
snippets/footer_area_payment_icons.liquid:
  development: 2018-01-11T15:10:09+13:00
snippets/footer_area_social_links.liquid:
  development: 2018-01-11T15:23:52+13:00   68b329da9893e34099c7d8ad5cb9c940
snippets/footer_area_text.liquid:
  development: 2018-01-11T14:47:06+13:00   4e694db91699644cfcad42d9963cf342
snippets/footer_credits.liquid:
  development: 2018-01-12T08:58:28+13:00   72e57e45d1626b91cf76ff2ce483d97a
snippets/newsletter_form.liquid:
  development: 2016-12-10T15:41:20+13:00
snippets/theme-fonts.liquid:
  development: 2018-01-12T11:45:47+13:00   cf97a6efc16f148a399da6bca5804626
snippets/theme-scripts.liquid:
  development: 2018-01-12T08:52:16+13:00   760353738c8e24811eb91e640bce6a7a
snippets/theme-styles.liquid:
  development: 2018-01-16T14:08:33+13:00   ba236e2263319ac4a9edd4e6b6b008c5
templates/404.liquid:
  development: 2016-12-10T12:01:40+13:00
templates/article.liquid:
  development: 2016-12-10T12:01:44+13:00
templates/blog.liquid:
  development: 2016-03-20T12:15:37+13:00
templates/cart.liquid:
  development: 2016-03-20T12:15:37+13:00
templates/collection.liquid:
  development: 2016-12-10T12:01:45+13:00   06eb4b8f6a2e4e699e23c636ce02c2dc
templates/customers/account.liquid:
  development: 2016-12-10T12:01:42+13:00
templates/customers/activate_account.liquid:
  development: 2016-12-10T12:01:39+13:00
templates/customers/addresses.liquid:
  development: 2016-12-10T12:01:40+13:00
templates/customers/login.liquid:
  development: 2016-12-10T12:01:39+13:00
templates/customers/order.liquid:
  development: 2016-12-10T12:01:41+13:00
templates/customers/register.liquid:
  development: 2016-12-10T12:01:51+13:00
templates/customers/reset_password.liquid:
  development: 2016-12-10T12:01:41+13:00
templates/gift_card.liquid:
  development: 2016-12-10T12:06:02+13:00   49dd2771890b52c782c8f67f325f1e90
templates/index.liquid:
  development: 2018-01-11T16:39:45+13:00   b94df6fe29be03b52d28c5bf069bda6d
templates/index.styleguide.liquid:
  development: 2016-12-10T15:19:36+13:00   d53d5e2c45c14175c188e6e9efd9f455
templates/list-collections.liquid:
  development: 2016-12-10T12:01:51+13:00
templates/page.contact.liquid:
  development: 2016-03-20T12:15:37+13:00
templates/page.liquid:
  development: 2016-03-20T12:15:37+13:00
templates/password.liquid:
  development: 2016-12-10T12:06:28+13:00   6765e20225709efe11aae6cc3eb4ba06
templates/product.liquid:
  development: 2017-04-26T15:18:18+12:00
templates/search.liquid:
  development: 2016-12-10T12:01:50+13:00   bf58d8b2c6afad3e11bc5cd7d2042cda
